schema: '2.0'
stages:
  data_ingestion:
    cmd: python src/Ship_Classifier/pipeline/stage_01_data_ingestion.py
    deps:
    - path: config/config.yaml
      hash: md5
      md5: 86598d8f37ed137b8476ca0916a8f7a8
      size: 1293
    - path: src/Ship_Classifier/pipeline/stage_01_data_ingestion.py
      hash: md5
      md5: 4dc42df4d4fe35766f0734411ca05fea
      size: 1578
    outs:
    - path: artifacts/data_ingestion/extracted_data
      hash: md5
      md5: d6ce257940bdf609bde1c05ec793197d.dir
      size: 54066502
      nfiles: 6108
  prepare_base_model:
    cmd: python src/Ship_Classifier/pipeline/stage_02_prepare_base_model.py
    deps:
    - path: config/config.yaml
      hash: md5
      md5: 86598d8f37ed137b8476ca0916a8f7a8
      size: 1293
    - path: src/Ship_Classifier/pipeline/stage_02_prepare_base_model.py
      hash: md5
      md5: abb16acd4248a96284d08fd0db5c9c92
      size: 1395
    params:
      params.yaml:
        CLASSES: 5
        IMAGE_SIZE:
        - 224
        - 224
        - 3
        INCLUDE_TOP: false
        LEARNING_RATE: 0.01
        WEIGHTS: ResNet18_Weights.DEFAULT
    outs:
    - path: artifacts/prepare_base_model
      hash: md5
      md5: 04b8f0111302d5b0c7c5132b4374e03e.dir
      size: 89588576
      nfiles: 2
