schema: '2.0'
stages:
  data_ingestion:
    cmd: python src/Ship_Classifier/pipeline/stage_01_data_ingestion.py
    deps:
    - path: config/config.yaml
      hash: md5
      md5: 86598d8f37ed137b8476ca0916a8f7a8
      size: 1293
    - path: src/Ship_Classifier/pipeline/stage_01_data_ingestion.py
      hash: md5
      md5: 4dc42df4d4fe35766f0734411ca05fea
      size: 1578
    outs:
    - path: artifacts/data_ingestion/extracted_data
      hash: md5
      md5: d6ce257940bdf609bde1c05ec793197d.dir
      size: 54066502
      files: 6108
  prepare_base_model:
    cmd: python src/Ship_Classifier/pipeline/stage_02_prepare_base_model.py
    deps:
    - path: config/config.yaml
      hash: md5
      md5: 86598d8f37ed137b8476ca0916a8f7a8
      size: 1293
    - path: src/Ship_Classifier/pipeline/stage_02_prepare_base_model.py
      hash: md5
      md5: abb16acd4248a96284d08fd0db5c9c92
      size: 1395
    params:
      params.yaml:
        CLASSES: 5
        IMAGE_SIZE:
        - 224
        - 224
        - 3
        INCLUDE_TOP: false
        LEARNING_RATE: 0.01
        WEIGHTS: ResNet18_Weights.DEFAULT
        freeze_all: true
        freeze_till: 2
    outs:
    - path: artifacts/prepare_base_model
      hash: md5
      md5: 2e87e404d52ab4ea3f701dbbb4c77395.dir
      size: 89588576
      files: 2
  training:
    cmd: python src/Ship_Classifier/pipeline/stage_03_training.py
    deps:
    - path: artifacts/data_ingestion/extracted_data
      hash: md5
      md5: d6ce257940bdf609bde1c05ec793197d.dir
      size: 54066502
      files: 6108
    - path: artifacts/prepare_base_model
      hash: md5
      md5: 2e87e404d52ab4ea3f701dbbb4c77395.dir
      size: 89588576
      files: 2
    - path: config/config.yaml
      hash: md5
      md5: 86598d8f37ed137b8476ca0916a8f7a8
      size: 1293
    - path: src/Ship_Classifier/components/prepare_callbacks.py
      hash: md5
      md5: b64be41c888401e86257a3eaeb321047
      size: 1438
    - path: src/Ship_Classifier/pipeline/stage_03_training.py
      hash: md5
      md5: 355b2cd0ab47f71e6169d58449a1ad21
      size: 2327
    params:
      params.yaml:
        AUGMENTATION: true
        BATCH_SIZE: 5
        IMAGE_SIZE:
        - 224
        - 224
        - 3
        epochs: 25
    outs:
    - path: artifacts/training/model.pth
      hash: md5
      md5: 6b25f48f6a19811484b97b95054d4239
      size: 44786690
  evaluation:
    cmd: python src/Ship_Classifier/pipeline/stage_04_evaluation.py
    deps:
    - path: artifacts/data_ingestion/extracted_data
      hash: md5
      md5: d6ce257940bdf609bde1c05ec793197d.dir
      size: 54066502
      nfiles: 6108
    - path: artifacts/training/model.pth
      hash: md5
      md5: 6b25f48f6a19811484b97b95054d4239
      size: 44786690
    - path: config/config.yaml
      hash: md5
      md5: 86598d8f37ed137b8476ca0916a8f7a8
      size: 1293
    - path: src/Ship_Classifier/pipeline/stage_04_evaluation.py
      hash: md5
      md5: af9d6bb98945162dfd74d2ba5c0a9ff0
      size: 1268
    params:
      params.yaml:
        BATCH_SIZE: 5
        IMAGE_SIZE:
        - 224
        - 224
        - 3
    outs:
    - path: scores.json
      hash: md5
      md5: 65607302f235a36ee1c06fee9960ec0d
      size: 73
